// !$*UTF8*$!
{
	archiveVersion = 1;
	classes = {
	};
	objectVersion = 46;
	objects = {

/* Begin PBXBuildFile section */
		B45EED9515A79A6F0052F005 /* UIKit.framework in Frameworks */ = {isa = PBXBuildFile; fileRef = B45EED9415A79A6F0052F005 /* UIKit.framework */; };
		B45EED9715A79A6F0052F005 /* Foundation.framework in Frameworks */ = {isa = PBXBuildFile; fileRef = B45EED9615A79A6F0052F005 /* Foundation.framework */; };
		B45EED9915A79A6F0052F005 /* CoreGraphics.framework in Frameworks */ = {isa = PBXBuildFile; fileRef = B45EED9815A79A6F0052F005 /* CoreGraphics.framework */; };
		B45EED9F15A79A6F0052F005 /* InfoPlist.strings in Resources */ = {isa = PBXBuildFile; fileRef = B45EED9D15A79A6F0052F005 /* InfoPlist.strings */; };
		B45EEDA115A79A6F0052F005 /* main.m in Sources */ = {isa = PBXBuildFile; fileRef = B45EEDA015A79A6F0052F005 /* main.m */; };
		B45EEDA515A79A6F0052F005 /* AppDelegate.m in Sources */ = {isa = PBXBuildFile; fileRef = B45EEDA415A79A6F0052F005 /* AppDelegate.m */; };
		B45EEDA815A79A6F0052F005 /* StartViewController.m in Sources */ = {isa = PBXBuildFile; fileRef = B45EEDA715A79A6F0052F005 /* StartViewController.m */; };
		B45EEDAB15A79A6F0052F005 /* StartViewController.xib in Resources */ = {isa = PBXBuildFile; fileRef = B45EEDA915A79A6F0052F005 /* StartViewController.xib */; };
		B45EEDE815A79AAD0052F005 /* Crypto.m in Sources */ = {isa = PBXBuildFile; fileRef = B45EEDB415A79AAD0052F005 /* Crypto.m */; settings = {COMPILER_FLAGS = "-fno-objc-arc"; }; };
		B45EEDE915A79AAD0052F005 /* NSData+CommonCrypto.m in Sources */ = {isa = PBXBuildFile; fileRef = B45EEDB615A79AAD0052F005 /* NSData+CommonCrypto.m */; settings = {COMPILER_FLAGS = "-fno-objc-arc"; }; };
		B45EEDEA15A79AAD0052F005 /* PublicKeyManager.m in Sources */ = {isa = PBXBuildFile; fileRef = B45EEDB815A79AAD0052F005 /* PublicKeyManager.m */; settings = {COMPILER_FLAGS = "-fno-objc-arc"; }; };
		B45EEDEB15A79AAD0052F005 /* RSA.m in Sources */ = {isa = PBXBuildFile; fileRef = B45EEDBA15A79AAD0052F005 /* RSA.m */; settings = {COMPILER_FLAGS = "-fno-objc-arc"; }; };
		B45EEDEC15A79AAD0052F005 /* NSFileManager+FileHelper.m in Sources */ = {isa = PBXBuildFile; fileRef = B45EEDBD15A79AAD0052F005 /* NSFileManager+FileHelper.m */; settings = {COMPILER_FLAGS = "-fno-objc-arc"; }; };
		B45EEDED15A79AAD0052F005 /* NSObject+DelegateHelper.m in Sources */ = {isa = PBXBuildFile; fileRef = B45EEDBF15A79AAD0052F005 /* NSObject+DelegateHelper.m */; settings = {COMPILER_FLAGS = "-fno-objc-arc"; }; };
		B45EEDEE15A79AAD0052F005 /* NSString+Regexp.m in Sources */ = {isa = PBXBuildFile; fileRef = B45EEDC115A79AAD0052F005 /* NSString+Regexp.m */; settings = {COMPILER_FLAGS = "-fno-objc-arc"; }; };
		B45EEDEF15A79AAD0052F005 /* NSString+StringWithData.m in Sources */ = {isa = PBXBuildFile; fileRef = B45EEDC315A79AAD0052F005 /* NSString+StringWithData.m */; settings = {COMPILER_FLAGS = "-fno-objc-arc"; }; };
		B45EEDF015A79AAD0052F005 /* NSString+URLHelper.m in Sources */ = {isa = PBXBuildFile; fileRef = B45EEDC515A79AAD0052F005 /* NSString+URLHelper.m */; settings = {COMPILER_FLAGS = "-fno-objc-arc"; }; };
		B45EEDF115A79AAD0052F005 /* HCEnvironment.m in Sources */ = {isa = PBXBuildFile; fileRef = B45EEDC915A79AAD0052F005 /* HCEnvironment.m */; settings = {COMPILER_FLAGS = "-fno-objc-arc"; }; };
		B45EEDF215A79AAD0052F005 /* HCEnvironmentManager.m in Sources */ = {isa = PBXBuildFile; fileRef = B45EEDCB15A79AAD0052F005 /* HCEnvironmentManager.m */; settings = {COMPILER_FLAGS = "-fno-objc-arc"; }; };
		B45EEDF315A79AAD0052F005 /* WifiScanner.m in Sources */ = {isa = PBXBuildFile; fileRef = B45EEDCF15A79AAD0052F005 /* WifiScanner.m */; settings = {COMPILER_FLAGS = "-fno-objc-arc"; }; };
		B45EEDF415A79AAD0052F005 /* HCFileCache.m in Sources */ = {isa = PBXBuildFile; fileRef = B45EEDD215A79AAD0052F005 /* HCFileCache.m */; settings = {COMPILER_FLAGS = "-fno-objc-arc"; }; };
		B45EEDF515A79AAD0052F005 /* HCGeoStorage.m in Sources */ = {isa = PBXBuildFile; fileRef = B45EEDD415A79AAD0052F005 /* HCGeoStorage.m */; settings = {COMPILER_FLAGS = "-fno-objc-arc"; }; };
		B45EEDF615A79AAD0052F005 /* HCLinccer.m in Sources */ = {isa = PBXBuildFile; fileRef = B45EEDD715A79AAD0052F005 /* HCLinccer.m */; settings = {COMPILER_FLAGS = "-fno-objc-arc"; }; };
		B45EEDF715A79AAD0052F005 /* Base64Transcoder.c in Sources */ = {isa = PBXBuildFile; fileRef = B45EEDDA15A79AAD0052F005 /* Base64Transcoder.c */; settings = {COMPILER_FLAGS = "-fno-objc-arc"; }; };
		B45EEDF815A79AAD0052F005 /* NSData_Base64Extensions.m in Sources */ = {isa = PBXBuildFile; fileRef = B45EEDDD15A79AAD0052F005 /* NSData_Base64Extensions.m */; settings = {COMPILER_FLAGS = "-fno-objc-arc"; }; };
		B45EEDF915A79AAD0052F005 /* NSDictionary+CSURLParams.m in Sources */ = {isa = PBXBuildFile; fileRef = B45EEDDF15A79AAD0052F005 /* NSDictionary+CSURLParams.m */; settings = {COMPILER_FLAGS = "-fno-objc-arc"; }; };
		B45EEDFA15A79AAD0052F005 /* HCAuthenticatedHttpClient.m in Sources */ = {isa = PBXBuildFile; fileRef = B45EEDE315A79AAD0052F005 /* HCAuthenticatedHttpClient.m */; settings = {COMPILER_FLAGS = "-fno-objc-arc"; }; };
		B45EEDFB15A79AAD0052F005 /* HttpClient.m in Sources */ = {isa = PBXBuildFile; fileRef = B45EEDE515A79AAD0052F005 /* HttpClient.m */; settings = {COMPILER_FLAGS = "-fno-objc-arc"; }; };
		B45EEDFC15A79AAD0052F005 /* HttpConnection.m in Sources */ = {isa = PBXBuildFile; fileRef = B45EEDE715A79AAD0052F005 /* HttpConnection.m */; settings = {COMPILER_FLAGS = "-fno-objc-arc"; }; };
		B45EEE0915A79B060052F005 /* libDeezer.a in Frameworks */ = {isa = PBXBuildFile; fileRef = B45EEE0515A79B060052F005 /* libDeezer.a */; };
		B45EEE0A15A79B060052F005 /* DeezerLibClose.png in Resources */ = {isa = PBXBuildFile; fileRef = B45EEE0715A79B060052F005 /* DeezerLibClose.png */; };
		B45EEE0B15A79B060052F005 /* DeezerLibClose@2x.png in Resources */ = {isa = PBXBuildFile; fileRef = B45EEE0815A79B060052F005 /* DeezerLibClose@2x.png */; };
		B45EEE0D15A79C660052F005 /* Security.framework in Frameworks */ = {isa = PBXBuildFile; fileRef = B45EEE0C15A79C660052F005 /* Security.framework */; };
		B45EEE0F15A79C760052F005 /* CoreLocation.framework in Frameworks */ = {isa = PBXBuildFile; fileRef = B45EEE0E15A79C760052F005 /* CoreLocation.framework */; };
		B45EEE1115A79D9B0052F005 /* YAJLIOS.framework in Frameworks */ = {isa = PBXBuildFile; fileRef = B45EEE1015A79D9B0052F005 /* YAJLIOS.framework */; };
		B45EEE1515A79EAA0052F005 /* ReceiverViewController.m in Sources */ = {isa = PBXBuildFile; fileRef = B45EEE1315A79EAA0052F005 /* ReceiverViewController.m */; };
		B45EEE1615A79EAA0052F005 /* ReceiverViewController.xib in Resources */ = {isa = PBXBuildFile; fileRef = B45EEE1415A79EAA0052F005 /* ReceiverViewController.xib */; };
/* End PBXBuildFile section */

/* Begin PBXFileReference section */
		B45EED9015A79A6F0052F005 /* djeez.app */ = {isa = PBXFileReference; explicitFileType = wrapper.application; includeInIndex = 0; path = djeez.app; sourceTree = BUILT_PRODUCTS_DIR; };
		B45EED9415A79A6F0052F005 /* UIKit.framework */ = {isa = PBXFileReference; lastKnownFileType = wrapper.framework; name = UIKit.framework; path = System/Library/Frameworks/UIKit.framework; sourceTree = SDKROOT; };
		B45EED9615A79A6F0052F005 /* Foundation.framework */ = {isa = PBXFileReference; lastKnownFileType = wrapper.framework; name = Foundation.framework; path = System/Library/Frameworks/Foundation.framework; sourceTree = SDKROOT; };
		B45EED9815A79A6F0052F005 /* CoreGraphics.framework */ = {isa = PBXFileReference; lastKnownFileType = wrapper.framework; name = CoreGraphics.framework; path = System/Library/Frameworks/CoreGraphics.framework; sourceTree = SDKROOT; };
		B45EED9C15A79A6F0052F005 /* djeez-Info.plist */ = {isa = PBXFileReference; lastKnownFileType = text.plist.xml; path = "djeez-Info.plist"; sourceTree = "<group>"; };
		B45EED9E15A79A6F0052F005 /* en */ = {isa = PBXFileReference; lastKnownFileType = text.plist.strings; name = en; path = en.lproj/InfoPlist.strings; sourceTree = "<group>"; };
		B45EEDA015A79A6F0052F005 /* main.m */ = {isa = PBXFileReference; lastKnownFileType = sourcecode.c.objc; path = main.m; sourceTree = "<group>"; };
		B45EEDA215A79A6F0052F005 /* djeez-Prefix.pch */ = {isa = PBXFileReference; lastKnownFileType = sourcecode.c.h; path = "djeez-Prefix.pch"; sourceTree = "<group>"; };
		B45EEDA315A79A6F0052F005 /* AppDelegate.h */ = {isa = PBXFileReference; lastKnownFileType = sourcecode.c.h; path = AppDelegate.h; sourceTree = "<group>"; };
		B45EEDA415A79A6F0052F005 /* AppDelegate.m */ = {isa = PBXFileReference; lastKnownFileType = sourcecode.c.objc; path = AppDelegate.m; sourceTree = "<group>"; };
		B45EEDA615A79A6F0052F005 /* StartViewController.h */ = {isa = PBXFileReference; lastKnownFileType = sourcecode.c.h; path = StartViewController.h; sourceTree = "<group>"; };
		B45EEDA715A79A6F0052F005 /* StartViewController.m */ = {isa = PBXFileReference; lastKnownFileType = sourcecode.c.objc; path = StartViewController.m; sourceTree = "<group>"; };
		B45EEDAA15A79A6F0052F005 /* en */ = {isa = PBXFileReference; lastKnownFileType = file.xib; name = en; path = en.lproj/StartViewController.xib; sourceTree = "<group>"; };
		B45EEDB315A79AAD0052F005 /* Crypto.h */ = {isa = PBXFileReference; fileEncoding = 4; lastKnownFileType = sourcecode.c.h; path = Crypto.h; sourceTree = "<group>"; };
		B45EEDB415A79AAD0052F005 /* Crypto.m */ = {isa = PBXFileReference; fileEncoding = 4; lastKnownFileType = sourcecode.c.objc; path = Crypto.m; sourceTree = "<group>"; };
		B45EEDB515A79AAD0052F005 /* NSData+CommonCrypto.h */ = {isa = PBXFileReference; fileEncoding = 4; lastKnownFileType = sourcecode.c.h; path = "NSData+CommonCrypto.h"; sourceTree = "<group>"; };
		B45EEDB615A79AAD0052F005 /* NSData+CommonCrypto.m */ = {isa = PBXFileReference; fileEncoding = 4; lastKnownFileType = sourcecode.c.objc; path = "NSData+CommonCrypto.m"; sourceTree = "<group>"; };
		B45EEDB715A79AAD0052F005 /* PublicKeyManager.h */ = {isa = PBXFileReference; fileEncoding = 4; lastKnownFileType = sourcecode.c.h; path = PublicKeyManager.h; sourceTree = "<group>"; };
		B45EEDB815A79AAD0052F005 /* PublicKeyManager.m */ = {isa = PBXFileReference; fileEncoding = 4; lastKnownFileType = sourcecode.c.objc; path = PublicKeyManager.m; sourceTree = "<group>"; };
		B45EEDB915A79AAD0052F005 /* RSA.h */ = {isa = PBXFileReference; fileEncoding = 4; lastKnownFileType = sourcecode.c.h; path = RSA.h; sourceTree = "<group>"; };
		B45EEDBA15A79AAD0052F005 /* RSA.m */ = {isa = PBXFileReference; fileEncoding = 4; lastKnownFileType = sourcecode.c.objc; path = RSA.m; sourceTree = "<group>"; };
		B45EEDBC15A79AAD0052F005 /* NSFileManager+FileHelper.h */ = {isa = PBXFileReference; fileEncoding = 4; lastKnownFileType = sourcecode.c.h; path = "NSFileManager+FileHelper.h"; sourceTree = "<group>"; };
		B45EEDBD15A79AAD0052F005 /* NSFileManager+FileHelper.m */ = {isa = PBXFileReference; fileEncoding = 4; lastKnownFileType = sourcecode.c.objc; path = "NSFileManager+FileHelper.m"; sourceTree = "<group>"; };
		B45EEDBE15A79AAD0052F005 /* NSObject+DelegateHelper.h */ = {isa = PBXFileReference; fileEncoding = 4; lastKnownFileType = sourcecode.c.h; path = "NSObject+DelegateHelper.h"; sourceTree = "<group>"; };
		B45EEDBF15A79AAD0052F005 /* NSObject+DelegateHelper.m */ = {isa = PBXFileReference; fileEncoding = 4; lastKnownFileType = sourcecode.c.objc; path = "NSObject+DelegateHelper.m"; sourceTree = "<group>"; };
		B45EEDC015A79AAD0052F005 /* NSString+Regexp.h */ = {isa = PBXFileReference; fileEncoding = 4; lastKnownFileType = sourcecode.c.h; path = "NSString+Regexp.h"; sourceTree = "<group>"; };
		B45EEDC115A79AAD0052F005 /* NSString+Regexp.m */ = {isa = PBXFileReference; fileEncoding = 4; lastKnownFileType = sourcecode.c.objc; path = "NSString+Regexp.m"; sourceTree = "<group>"; };
		B45EEDC215A79AAD0052F005 /* NSString+StringWithData.h */ = {isa = PBXFileReference; fileEncoding = 4; lastKnownFileType = sourcecode.c.h; path = "NSString+StringWithData.h"; sourceTree = "<group>"; };
		B45EEDC315A79AAD0052F005 /* NSString+StringWithData.m */ = {isa = PBXFileReference; fileEncoding = 4; lastKnownFileType = sourcecode.c.objc; path = "NSString+StringWithData.m"; sourceTree = "<group>"; };
		B45EEDC415A79AAD0052F005 /* NSString+URLHelper.h */ = {isa = PBXFileReference; fileEncoding = 4; lastKnownFileType = sourcecode.c.h; path = "NSString+URLHelper.h"; sourceTree = "<group>"; };
		B45EEDC515A79AAD0052F005 /* NSString+URLHelper.m */ = {isa = PBXFileReference; fileEncoding = 4; lastKnownFileType = sourcecode.c.objc; path = "NSString+URLHelper.m"; sourceTree = "<group>"; };
		B45EEDC815A79AAD0052F005 /* HCEnvironment.h */ = {isa = PBXFileReference; fileEncoding = 4; lastKnownFileType = sourcecode.c.h; path = HCEnvironment.h; sourceTree = "<group>"; };
		B45EEDC915A79AAD0052F005 /* HCEnvironment.m */ = {isa = PBXFileReference; fileEncoding = 4; lastKnownFileType = sourcecode.c.objc; path = HCEnvironment.m; sourceTree = "<group>"; };
		B45EEDCA15A79AAD0052F005 /* HCEnvironmentManager.h */ = {isa = PBXFileReference; fileEncoding = 4; lastKnownFileType = sourcecode.c.h; path = HCEnvironmentManager.h; sourceTree = "<group>"; };
		B45EEDCB15A79AAD0052F005 /* HCEnvironmentManager.m */ = {isa = PBXFileReference; fileEncoding = 4; lastKnownFileType = sourcecode.c.objc; path = HCEnvironmentManager.m; sourceTree = "<group>"; };
		B45EEDCC15A79AAD0052F005 /* HCEnvironmentManagerDelegate.h */ = {isa = PBXFileReference; fileEncoding = 4; lastKnownFileType = sourcecode.c.h; path = HCEnvironmentManagerDelegate.h; sourceTree = "<group>"; };
		B45EEDCE15A79AAD0052F005 /* WifiScanner.h */ = {isa = PBXFileReference; fileEncoding = 4; lastKnownFileType = sourcecode.c.h; path = WifiScanner.h; sourceTree = "<group>"; };
		B45EEDCF15A79AAD0052F005 /* WifiScanner.m */ = {isa = PBXFileReference; fileEncoding = 4; lastKnownFileType = sourcecode.c.objc; path = WifiScanner.m; sourceTree = "<group>"; };
		B45EEDD015A79AAD0052F005 /* WifiScannerDelegate.h */ = {isa = PBXFileReference; fileEncoding = 4; lastKnownFileType = sourcecode.c.h; path = WifiScannerDelegate.h; sourceTree = "<group>"; };
		B45EEDD115A79AAD0052F005 /* HCFileCache.h */ = {isa = PBXFileReference; fileEncoding = 4; lastKnownFileType = sourcecode.c.h; path = HCFileCache.h; sourceTree = "<group>"; };
		B45EEDD215A79AAD0052F005 /* HCFileCache.m */ = {isa = PBXFileReference; fileEncoding = 4; lastKnownFileType = sourcecode.c.objc; path = HCFileCache.m; sourceTree = "<group>"; };
		B45EEDD315A79AAD0052F005 /* HCGeoStorage.h */ = {isa = PBXFileReference; fileEncoding = 4; lastKnownFileType = sourcecode.c.h; path = HCGeoStorage.h; sourceTree = "<group>"; };
		B45EEDD415A79AAD0052F005 /* HCGeoStorage.m */ = {isa = PBXFileReference; fileEncoding = 4; lastKnownFileType = sourcecode.c.objc; path = HCGeoStorage.m; sourceTree = "<group>"; };
		B45EEDD515A79AAD0052F005 /* HCGeoStorageDelegate.h */ = {isa = PBXFileReference; fileEncoding = 4; lastKnownFileType = sourcecode.c.h; path = HCGeoStorageDelegate.h; sourceTree = "<group>"; };
		B45EEDD615A79AAD0052F005 /* HCLinccer.h */ = {isa = PBXFileReference; fileEncoding = 4; lastKnownFileType = sourcecode.c.h; path = HCLinccer.h; sourceTree = "<group>"; };
		B45EEDD715A79AAD0052F005 /* HCLinccer.m */ = {isa = PBXFileReference; fileEncoding = 4; lastKnownFileType = sourcecode.c.objc; path = HCLinccer.m; sourceTree = "<group>"; };
		B45EEDD815A79AAD0052F005 /* HCLinccerDelegate.h */ = {isa = PBXFileReference; fileEncoding = 4; lastKnownFileType = sourcecode.c.h; path = HCLinccerDelegate.h; sourceTree = "<group>"; };
		B45EEDDA15A79AAD0052F005 /* Base64Transcoder.c */ = {isa = PBXFileReference; fileEncoding = 4; lastKnownFileType = sourcecode.c.c; path = Base64Transcoder.c; sourceTree = "<group>"; };
		B45EEDDB15A79AAD0052F005 /* Base64Transcoder.h */ = {isa = PBXFileReference; fileEncoding = 4; lastKnownFileType = sourcecode.c.h; path = Base64Transcoder.h; sourceTree = "<group>"; };
		B45EEDDC15A79AAD0052F005 /* NSData_Base64Extensions.h */ = {isa = PBXFileReference; fileEncoding = 4; lastKnownFileType = sourcecode.c.h; path = NSData_Base64Extensions.h; sourceTree = "<group>"; };
		B45EEDDD15A79AAD0052F005 /* NSData_Base64Extensions.m */ = {isa = PBXFileReference; fileEncoding = 4; lastKnownFileType = sourcecode.c.objc; path = NSData_Base64Extensions.m; sourceTree = "<group>"; };
		B45EEDDE15A79AAD0052F005 /* NSDictionary+CSURLParams.h */ = {isa = PBXFileReference; fileEncoding = 4; lastKnownFileType = sourcecode.c.h; path = "NSDictionary+CSURLParams.h"; sourceTree = "<group>"; };
		B45EEDDF15A79AAD0052F005 /* NSDictionary+CSURLParams.m */ = {isa = PBXFileReference; fileEncoding = 4; lastKnownFileType = sourcecode.c.objc; path = "NSDictionary+CSURLParams.m"; sourceTree = "<group>"; };
		B45EEDE015A79AAD0052F005 /* Hoccer.h */ = {isa = PBXFileReference; fileEncoding = 4; lastKnownFileType = sourcecode.c.h; path = Hoccer.h; sourceTree = "<group>"; };
		B45EEDE215A79AAD0052F005 /* HCAuthenticatedHttpClient.h */ = {isa = PBXFileReference; fileEncoding = 4; lastKnownFileType = sourcecode.c.h; path = HCAuthenticatedHttpClient.h; sourceTree = "<group>"; };
		B45EEDE315A79AAD0052F005 /* HCAuthenticatedHttpClient.m */ = {isa = PBXFileReference; fileEncoding = 4; lastKnownFileType = sourcecode.c.objc; path = HCAuthenticatedHttpClient.m; sourceTree = "<group>"; };
		B45EEDE415A79AAD0052F005 /* HttpClient.h */ = {isa = PBXFileReference; fileEncoding = 4; lastKnownFileType = sourcecode.c.h; path = HttpClient.h; sourceTree = "<group>"; };
		B45EEDE515A79AAD0052F005 /* HttpClient.m */ = {isa = PBXFileReference; fileEncoding = 4; lastKnownFileType = sourcecode.c.objc; path = HttpClient.m; sourceTree = "<group>"; };
		B45EEDE615A79AAD0052F005 /* HttpConnection.h */ = {isa = PBXFileReference; fileEncoding = 4; lastKnownFileType = sourcecode.c.h; path = HttpConnection.h; sourceTree = "<group>"; };
		B45EEDE715A79AAD0052F005 /* HttpConnection.m */ = {isa = PBXFileReference; fileEncoding = 4; lastKnownFileType = sourcecode.c.objc; path = HttpConnection.m; sourceTree = "<group>"; };
		B45EEDFF15A79B060052F005 /* BufferDelegate.h */ = {isa = PBXFileReference; fileEncoding = 4; lastKnownFileType = sourcecode.c.h; path = BufferDelegate.h; sourceTree = "<group>"; };
		B45EEE0015A79B060052F005 /* DeezerConnect.h */ = {isa = PBXFileReference; fileEncoding = 4; lastKnownFileType = sourcecode.c.h; path = DeezerConnect.h; sourceTree = "<group>"; };
		B45EEE0115A79B060052F005 /* DeezerOAuthDelegate.h */ = {isa = PBXFileReference; fileEncoding = 4; lastKnownFileType = sourcecode.c.h; path = DeezerOAuthDelegate.h; sourceTree = "<group>"; };
		B45EEE0215A79B060052F005 /* DeezerRequestDelegate.h */ = {isa = PBXFileReference; fileEncoding = 4; lastKnownFileType = sourcecode.c.h; path = DeezerRequestDelegate.h; sourceTree = "<group>"; };
		B45EEE0315A79B060052F005 /* PlayerDelegate.h */ = {isa = PBXFileReference; fileEncoding = 4; lastKnownFileType = sourcecode.c.h; path = PlayerDelegate.h; sourceTree = "<group>"; };
		B45EEE0415A79B060052F005 /* PlayerFactory.h */ = {isa = PBXFileReference; fileEncoding = 4; lastKnownFileType = sourcecode.c.h; path = PlayerFactory.h; sourceTree = "<group>"; };
		B45EEE0515A79B060052F005 /* libDeezer.a */ = {isa = PBXFileReference; lastKnownFileType = archive.ar; path = libDeezer.a; sourceTree = "<group>"; };
		B45EEE0715A79B060052F005 /* DeezerLibClose.png */ = {isa = PBXFileReference; lastKnownFileType = image.png; path = DeezerLibClose.png; sourceTree = "<group>"; };
		B45EEE0815A79B060052F005 /* DeezerLibClose@2x.png */ = {isa = PBXFileReference; lastKnownFileType = image.png; path = "DeezerLibClose@2x.png"; sourceTree = "<group>"; };
		B45EEE0C15A79C660052F005 /* Security.framework */ = {isa = PBXFileReference; lastKnownFileType = wrapper.framework; name = Security.framework; path = System/Library/Frameworks/Security.framework; sourceTree = SDKROOT; };
		B45EEE0E15A79C760052F005 /* CoreLocation.framework */ = {isa = PBXFileReference; lastKnownFileType = wrapper.framework; name = CoreLocation.framework; path = System/Library/Frameworks/CoreLocation.framework; sourceTree = SDKROOT; };
		B45EEE1015A79D9B0052F005 /* YAJLIOS.framework */ = {isa = PBXFileReference; lastKnownFileType = wrapper.framework; path = YAJLIOS.framework; sourceTree = "<group>"; };
		B45EEE1215A79EAA0052F005 /* ReceiverViewController.h */ = {isa = PBXFileReference; fileEncoding = 4; lastKnownFileType = sourcecode.c.h; path = ReceiverViewController.h; sourceTree = "<group>"; };
		B45EEE1315A79EAA0052F005 /* ReceiverViewController.m */ = {isa = PBXFileReference; fileEncoding = 4; lastKnownFileType = sourcecode.c.objc; path = ReceiverViewController.m; sourceTree = "<group>"; };
		B45EEE1415A79EAA0052F005 /* ReceiverViewController.xib */ = {isa = PBXFileReference; fileEncoding = 4; lastKnownFileType = file.xib; path = ReceiverViewController.xib; sourceTree = "<group>"; };
/* End PBXFileReference section */

/* Begin PBXFrameworksBuildPhase section */
		B45EED8D15A79A6F0052F005 /* Frameworks */ = {
			isa = PBXFrameworksBuildPhase;
			buildActionMask = 2147483647;
			files = (
				B45EEE0F15A79C760052F005 /* CoreLocation.framework in Frameworks */,
				B45EEE0D15A79C660052F005 /* Security.framework in Frameworks */,
				B45EED9515A79A6F0052F005 /* UIKit.framework in Frameworks */,
				B45EED9715A79A6F0052F005 /* Foundation.framework in Frameworks */,
				B45EED9915A79A6F0052F005 /* CoreGraphics.framework in Frameworks */,
				B45EEE0915A79B060052F005 /* libDeezer.a in Frameworks */,
				B45EEE1115A79D9B0052F005 /* YAJLIOS.framework in Frameworks */,
			);
			runOnlyForDeploymentPostprocessing = 0;
		};
/* End PBXFrameworksBuildPhase section */

/* Begin PBXGroup section */
		B45EED8515A79A6F0052F005 = {
			isa = PBXGroup;
			children = (
				B45EED9A15A79A6F0052F005 /* djeez */,
				B45EED9315A79A6F0052F005 /* Frameworks */,
				B45EED9115A79A6F0052F005 /* Products */,
			);
			sourceTree = "<group>";
		};
		B45EED9115A79A6F0052F005 /* Products */ = {
			isa = PBXGroup;
			children = (
				B45EED9015A79A6F0052F005 /* djeez.app */,
			);
			name = Products;
			sourceTree = "<group>";
		};
		B45EED9315A79A6F0052F005 /* Frameworks */ = {
			isa = PBXGroup;
			children = (
				B45EEE0E15A79C760052F005 /* CoreLocation.framework */,
				B45EEE0C15A79C660052F005 /* Security.framework */,
				B45EED9415A79A6F0052F005 /* UIKit.framework */,
				B45EED9615A79A6F0052F005 /* Foundation.framework */,
				B45EED9815A79A6F0052F005 /* CoreGraphics.framework */,
			);
			name = Frameworks;
			sourceTree = "<group>";
		};
		B45EED9A15A79A6F0052F005 /* djeez */ = {
			isa = PBXGroup;
			children = (
				B45EEDA315A79A6F0052F005 /* AppDelegate.h */,
				B45EEDA415A79A6F0052F005 /* AppDelegate.m */,
				B45EEDA615A79A6F0052F005 /* StartViewController.h */,
				B45EEDA715A79A6F0052F005 /* StartViewController.m */,
				B45EEDA915A79A6F0052F005 /* StartViewController.xib */,
				B45EEE1215A79EAA0052F005 /* ReceiverViewController.h */,
				B45EEE1315A79EAA0052F005 /* ReceiverViewController.m */,
				B45EEE1415A79EAA0052F005 /* ReceiverViewController.xib */,
				B45EED9B15A79A6F0052F005 /* Supporting Files */,
			);
			path = djeez;
			sourceTree = "<group>";
		};
		B45EED9B15A79A6F0052F005 /* Supporting Files */ = {
			isa = PBXGroup;
			children = (
				B45EEE1015A79D9B0052F005 /* YAJLIOS.framework */,
				B45EEDFD15A79B060052F005 /* deezer-ios-0.7.1 */,
				B45EEDB115A79AAD0052F005 /* Hoccer */,
				B45EED9C15A79A6F0052F005 /* djeez-Info.plist */,
				B45EED9D15A79A6F0052F005 /* InfoPlist.strings */,
				B45EEDA015A79A6F0052F005 /* main.m */,
				B45EEDA215A79A6F0052F005 /* djeez-Prefix.pch */,
			);
			name = "Supporting Files";
			sourceTree = "<group>";
		};
		B45EEDB115A79AAD0052F005 /* Hoccer */ = {
			isa = PBXGroup;
			children = (
				B45EEDB215A79AAD0052F005 /* Crypto */,
				B45EEDBB15A79AAD0052F005 /* Helper */,
				B45EEDC615A79AAD0052F005 /* HoccerClient */,
			);
			path = Hoccer;
			sourceTree = "<group>";
		};
		B45EEDB215A79AAD0052F005 /* Crypto */ = {
			isa = PBXGroup;
			children = (
				B45EEDB315A79AAD0052F005 /* Crypto.h */,
				B45EEDB415A79AAD0052F005 /* Crypto.m */,
				B45EEDB515A79AAD0052F005 /* NSData+CommonCrypto.h */,
				B45EEDB615A79AAD0052F005 /* NSData+CommonCrypto.m */,
				B45EEDB715A79AAD0052F005 /* PublicKeyManager.h */,
				B45EEDB815A79AAD0052F005 /* PublicKeyManager.m */,
				B45EEDB915A79AAD0052F005 /* RSA.h */,
				B45EEDBA15A79AAD0052F005 /* RSA.m */,
			);
			path = Crypto;
			sourceTree = "<group>";
		};
		B45EEDBB15A79AAD0052F005 /* Helper */ = {
			isa = PBXGroup;
			children = (
				B45EEDBC15A79AAD0052F005 /* NSFileManager+FileHelper.h */,
				B45EEDBD15A79AAD0052F005 /* NSFileManager+FileHelper.m */,
				B45EEDBE15A79AAD0052F005 /* NSObject+DelegateHelper.h */,
				B45EEDBF15A79AAD0052F005 /* NSObject+DelegateHelper.m */,
				B45EEDC015A79AAD0052F005 /* NSString+Regexp.h */,
				B45EEDC115A79AAD0052F005 /* NSString+Regexp.m */,
				B45EEDC215A79AAD0052F005 /* NSString+StringWithData.h */,
				B45EEDC315A79AAD0052F005 /* NSString+StringWithData.m */,
				B45EEDC415A79AAD0052F005 /* NSString+URLHelper.h */,
				B45EEDC515A79AAD0052F005 /* NSString+URLHelper.m */,
			);
			path = Helper;
			sourceTree = "<group>";
		};
		B45EEDC615A79AAD0052F005 /* HoccerClient */ = {
			isa = PBXGroup;
			children = (
				B45EEDC715A79AAD0052F005 /* EnvironmentController */,
				B45EEDD115A79AAD0052F005 /* HCFileCache.h */,
				B45EEDD215A79AAD0052F005 /* HCFileCache.m */,
				B45EEDD315A79AAD0052F005 /* HCGeoStorage.h */,
				B45EEDD415A79AAD0052F005 /* HCGeoStorage.m */,
				B45EEDD515A79AAD0052F005 /* HCGeoStorageDelegate.h */,
				B45EEDD615A79AAD0052F005 /* HCLinccer.h */,
				B45EEDD715A79AAD0052F005 /* HCLinccer.m */,
				B45EEDD815A79AAD0052F005 /* HCLinccerDelegate.h */,
				B45EEDD915A79AAD0052F005 /* Helper */,
				B45EEDE015A79AAD0052F005 /* Hoccer.h */,
				B45EEDE115A79AAD0052F005 /* HttpClient */,
			);
			path = HoccerClient;
			sourceTree = "<group>";
		};
		B45EEDC715A79AAD0052F005 /* EnvironmentController */ = {
			isa = PBXGroup;
			children = (
				B45EEDC815A79AAD0052F005 /* HCEnvironment.h */,
				B45EEDC915A79AAD0052F005 /* HCEnvironment.m */,
				B45EEDCA15A79AAD0052F005 /* HCEnvironmentManager.h */,
				B45EEDCB15A79AAD0052F005 /* HCEnvironmentManager.m */,
				B45EEDCC15A79AAD0052F005 /* HCEnvironmentManagerDelegate.h */,
				B45EEDCD15A79AAD0052F005 /* Wifi */,
			);
			path = EnvironmentController;
			sourceTree = "<group>";
		};
		B45EEDCD15A79AAD0052F005 /* Wifi */ = {
			isa = PBXGroup;
			children = (
				B45EEDCE15A79AAD0052F005 /* WifiScanner.h */,
				B45EEDCF15A79AAD0052F005 /* WifiScanner.m */,
				B45EEDD015A79AAD0052F005 /* WifiScannerDelegate.h */,
			);
			path = Wifi;
			sourceTree = "<group>";
		};
		B45EEDD915A79AAD0052F005 /* Helper */ = {
			isa = PBXGroup;
			children = (
				B45EEDDA15A79AAD0052F005 /* Base64Transcoder.c */,
				B45EEDDB15A79AAD0052F005 /* Base64Transcoder.h */,
				B45EEDDC15A79AAD0052F005 /* NSData_Base64Extensions.h */,
				B45EEDDD15A79AAD0052F005 /* NSData_Base64Extensions.m */,
				B45EEDDE15A79AAD0052F005 /* NSDictionary+CSURLParams.h */,
				B45EEDDF15A79AAD0052F005 /* NSDictionary+CSURLParams.m */,
			);
			path = Helper;
			sourceTree = "<group>";
		};
		B45EEDE115A79AAD0052F005 /* HttpClient */ = {
			isa = PBXGroup;
			children = (
				B45EEDE215A79AAD0052F005 /* HCAuthenticatedHttpClient.h */,
				B45EEDE315A79AAD0052F005 /* HCAuthenticatedHttpClient.m */,
				B45EEDE415A79AAD0052F005 /* HttpClient.h */,
				B45EEDE515A79AAD0052F005 /* HttpClient.m */,
				B45EEDE615A79AAD0052F005 /* HttpConnection.h */,
				B45EEDE715A79AAD0052F005 /* HttpConnection.m */,
			);
			path = HttpClient;
			sourceTree = "<group>";
		};
		B45EEDFD15A79B060052F005 /* deezer-ios-0.7.1 */ = {
			isa = PBXGroup;
			children = (
				B45EEDFE15A79B060052F005 /* Headers */,
				B45EEE0515A79B060052F005 /* libDeezer.a */,
				B45EEE0615A79B060052F005 /* Resources */,
			);
			path = "deezer-ios-0.7.1";
			sourceTree = "<group>";
		};
		B45EEDFE15A79B060052F005 /* Headers */ = {
			isa = PBXGroup;
			children = (
				B45EEDFF15A79B060052F005 /* BufferDelegate.h */,
				B45EEE0015A79B060052F005 /* DeezerConnect.h */,
				B45EEE0115A79B060052F005 /* DeezerOAuthDelegate.h */,
				B45EEE0215A79B060052F005 /* DeezerRequestDelegate.h */,
				B45EEE0315A79B060052F005 /* PlayerDelegate.h */,
				B45EEE0415A79B060052F005 /* PlayerFactory.h */,
			);
			path = Headers;
			sourceTree = "<group>";
		};
		B45EEE0615A79B060052F005 /* Resources */ = {
			isa = PBXGroup;
			children = (
				B45EEE0715A79B060052F005 /* DeezerLibClose.png */,
				B45EEE0815A79B060052F005 /* DeezerLibClose@2x.png */,
			);
			path = Resources;
			sourceTree = "<group>";
		};
/* End PBXGroup section */

/* Begin PBXNativeTarget section */
		B45EED8F15A79A6F0052F005 /* djeez */ = {
			isa = PBXNativeTarget;
			buildConfigurationList = B45EEDAE15A79A6F0052F005 /* Build configuration list for PBXNativeTarget "djeez" */;
			buildPhases = (
				B45EED8C15A79A6F0052F005 /* Sources */,
				B45EED8D15A79A6F0052F005 /* Frameworks */,
				B45EED8E15A79A6F0052F005 /* Resources */,
			);
			buildRules = (
			);
			dependencies = (
			);
			name = djeez;
			productName = djeez;
			productReference = B45EED9015A79A6F0052F005 /* djeez.app */;
			productType = "com.apple.product-type.application";
		};
/* End PBXNativeTarget section */

/* Begin PBXProject section */
		B45EED8715A79A6F0052F005 /* Project object */ = {
			isa = PBXProject;
			attributes = {
				LastUpgradeCheck = 0430;
				ORGANIZATIONNAME = "Hoccer GmbH";
			};
			buildConfigurationList = B45EED8A15A79A6F0052F005 /* Build configuration list for PBXProject "djeez" */;
			compatibilityVersion = "Xcode 3.2";
			developmentRegion = English;
			hasScannedForEncodings = 0;
			knownRegions = (
				en,
			);
			mainGroup = B45EED8515A79A6F0052F005;
			productRefGroup = B45EED9115A79A6F0052F005 /* Products */;
			projectDirPath = "";
			projectRoot = "";
			targets = (
				B45EED8F15A79A6F0052F005 /* djeez */,
			);
		};
/* End PBXProject section */

/* Begin PBXResourcesBuildPhase section */
		B45EED8E15A79A6F0052F005 /* Resources */ = {
			isa = PBXResourcesBuildPhase;
			buildActionMask = 2147483647;
			files = (
				B45EED9F15A79A6F0052F005 /* InfoPlist.strings in Resources */,
				B45EEDAB15A79A6F0052F005 /* StartViewController.xib in Resources */,
				B45EEE0A15A79B060052F005 /* DeezerLibClose.png in Resources */,
				B45EEE0B15A79B060052F005 /* DeezerLibClose@2x.png in Resources */,
				B45EEE1615A79EAA0052F005 /* ReceiverViewController.xib in Resources */,
			);
			runOnlyForDeploymentPostprocessing = 0;
		};
/* End PBXResourcesBuildPhase section */

/* Begin PBXSourcesBuildPhase section */
		B45EED8C15A79A6F0052F005 /* Sources */ = {
			isa = PBXSourcesBuildPhase;
			buildActionMask = 2147483647;
			files = (
				B45EEDA115A79A6F0052F005 /* main.m in Sources */,
				B45EEDA515A79A6F0052F005 /* AppDelegate.m in Sources */,
				B45EEDA815A79A6F0052F005 /* StartViewController.m in Sources */,
				B45EEDE815A79AAD0052F005 /* Crypto.m in Sources */,
				B45EEDE915A79AAD0052F005 /* NSData+CommonCrypto.m in Sources */,
				B45EEDEA15A79AAD0052F005 /* PublicKeyManager.m in Sources */,
				B45EEDEB15A79AAD0052F005 /* RSA.m in Sources */,
				B45EEDEC15A79AAD0052F005 /* NSFileManager+FileHelper.m in Sources */,
				B45EEDED15A79AAD0052F005 /* NSObject+DelegateHelper.m in Sources */,
				B45EEDEE15A79AAD0052F005 /* NSString+Regexp.m in Sources */,
				B45EEDEF15A79AAD0052F005 /* NSString+StringWithData.m in Sources */,
				B45EEDF015A79AAD0052F005 /* NSString+URLHelper.m in Sources */,
				B45EEDF115A79AAD0052F005 /* HCEnvironment.m in Sources */,
				B45EEDF215A79AAD0052F005 /* HCEnvironmentManager.m in Sources */,
				B45EEDF315A79AAD0052F005 /* WifiScanner.m in Sources */,
				B45EEDF415A79AAD0052F005 /* HCFileCache.m in Sources */,
				B45EEDF515A79AAD0052F005 /* HCGeoStorage.m in Sources */,
				B45EEDF615A79AAD0052F005 /* HCLinccer.m in Sources */,
				B45EEDF715A79AAD0052F005 /* Base64Transcoder.c in Sources */,
				B45EEDF815A79AAD0052F005 /* NSData_Base64Extensions.m in Sources */,
				B45EEDF915A79AAD0052F005 /* NSDictionary+CSURLParams.m in Sources */,
				B45EEDFA15A79AAD0052F005 /* HCAuthenticatedHttpClient.m in Sources */,
				B45EEDFB15A79AAD0052F005 /* HttpClient.m in Sources */,
				B45EEDFC15A79AAD0052F005 /* HttpConnection.m in Sources */,
				B45EEE1515A79EAA0052F005 /* ReceiverViewController.m in Sources */,
			);
			runOnlyForDeploymentPostprocessing = 0;
		};
/* End PBXSourcesBuildPhase section */

/* Begin PBXVariantGroup section */
		B45EED9D15A79A6F0052F005 /* InfoPlist.strings */ = {
			isa = PBXVariantGroup;
			children = (
				B45EED9E15A79A6F0052F005 /* en */,
			);
			name = InfoPlist.strings;
			sourceTree = "<group>";
		};
		B45EEDA915A79A6F0052F005 /* StartViewController.xib */ = {
			isa = PBXVariantGroup;
			children = (
				B45EEDAA15A79A6F0052F005 /* en */,
			);
			name = StartViewController.xib;
			sourceTree = "<group>";
		};
/* End PBXVariantGroup section */

/* Begin XCBuildConfiguration section */
		B45EEDAC15A79A6F0052F005 /* Debug */ = {
			isa = XCBuildConfiguration;
			buildSettings = {
				ALWAYS_SEARCH_USER_PATHS = NO;
				ARCHS = "$(ARCHS_STANDARD_32_BIT)";
				CLANG_ENABLE_OBJC_ARC = YES;
				"CODE_SIGN_IDENTITY[sdk=iphoneos*]" = "iPhone Developer";
				COPY_PHASE_STRIP = NO;
				GCC_C_LANGUAGE_STANDARD = gnu99;
				GCC_DYNAMIC_NO_PIC = NO;
				GCC_OPTIMIZATION_LEVEL = 0;
				GCC_PREPROCESSOR_DEFINITIONS = (
					"DEBUG=1",
					"$(inherited)",
				);
				GCC_SYMBOLS_PRIVATE_EXTERN = NO;
				GCC_VERSION = com.apple.compilers.llvm.clang.1_0;
				GCC_WARN_ABOUT_RETURN_TYPE = YES;
				GCC_WARN_UNINITIALIZED_AUTOS = YES;
				GCC_WARN_UNUSED_VARIABLE = YES;
				IPHONEOS_DEPLOYMENT_TARGET = 5.1;
				SDKROOT = iphoneos;
			};
			name = Debug;
		};
		B45EEDAD15A79A6F0052F005 /* Release */ = {
			isa = XCBuildConfiguration;
			buildSettings = {
				ALWAYS_SEARCH_USER_PATHS = NO;
				ARCHS = "$(ARCHS_STANDARD_32_BIT)";
				CLANG_ENABLE_OBJC_ARC = YES;
				"CODE_SIGN_IDENTITY[sdk=iphoneos*]" = "iPhone Developer";
				COPY_PHASE_STRIP = YES;
				GCC_C_LANGUAGE_STANDARD = gnu99;
				GCC_VERSION = com.apple.compilers.llvm.clang.1_0;
				GCC_WARN_ABOUT_RETURN_TYPE = YES;
				GCC_WARN_UNINITIALIZED_AUTOS = YES;
				GCC_WARN_UNUSED_VARIABLE = YES;
				IPHONEOS_DEPLOYMENT_TARGET = 5.1;
				OTHER_CFLAGS = "-DNS_BLOCK_ASSERTIONS=1";
				SDKROOT = iphoneos;
				VALIDATE_PRODUCT = YES;
			};
			name = Release;
		};
		B45EEDAF15A79A6F0052F005 /* Debug */ = {
			isa = XCBuildConfiguration;
			buildSettings = {
				FRAMEWORK_SEARCH_PATHS = (
					"$(inherited)",
					"\"$(SRCROOT)/djeez\"",
				);
				GCC_PRECOMPILE_PREFIX_HEADER = YES;
				GCC_PREFIX_HEADER = "djeez/djeez-Prefix.pch";
				INFOPLIST_FILE = "djeez/djeez-Info.plist";
				LIBRARY_SEARCH_PATHS = (
					"$(inherited)",
					"\"$(SRCROOT)/djeez/deezer-ios-0.7.1\"",
				);
				PRODUCT_NAME = "$(TARGET_NAME)";
				WRAPPER_EXTENSION = app;
			};
			name = Debug;
		};
		B45EEDB015A79A6F0052F005 /* Release */ = {
			isa = XCBuildConfiguration;
			buildSettings = {
				FRAMEWORK_SEARCH_PATHS = (
					"$(inherited)",
					"\"$(SRCROOT)/djeez\"",
				);
				GCC_PRECOMPILE_PREFIX_HEADER = YES;
				GCC_PREFIX_HEADER = "djeez/djeez-Prefix.pch";
				INFOPLIST_FILE = "djeez/djeez-Info.plist";
				LIBRARY_SEARCH_PATHS = (
					"$(inherited)",
					"\"$(SRCROOT)/djeez/deezer-ios-0.7.1\"",
				);
				PRODUCT_NAME = "$(TARGET_NAME)";
				WRAPPER_EXTENSION = app;
			};
			name = Release;
		};
/* End XCBuildConfiguration section */

/* Begin XCConfigurationList section */
		B45EED8A15A79A6F0052F005 /* Build configuration list for PBXProject "djeez" */ = {
			isa = XCConfigurationList;
			buildConfigurations = (
				B45EEDAC15A79A6F0052F005 /* Debug */,
				B45EEDAD15A79A6F0052F005 /* Release */,
			);
			defaultConfigurationIsVisible = 0;
			defaultConfigurationName = Release;
		};
		B45EEDAE15A79A6F0052F005 /* Build configuration list for PBXNativeTarget "djeez" */ = {
			isa = XCConfigurationList;
			buildConfigurations = (
				B45EEDAF15A79A6F0052F005 /* Debug */,
				B45EEDB015A79A6F0052F005 /* Release */,
			);
			defaultConfigurationIsVisible = 0;
		};
/* End XCConfigurationList section */
	};
	rootObject = B45EED8715A79A6F0052F005 /* Project object */;
}
